// !$*UTF8*$!
{
	archiveVersion = 1;
	classes = {
	};
	objectVersion = 46;
	objects = {

/* Begin PBXBuildFile section */
		D315A1AE19FCB1E3008FEB05 /* AudioToolbox.framework in Frameworks */ = {isa = PBXBuildFile; fileRef = D315A1AD19FCB1E3008FEB05 /* AudioToolbox.framework */; };
		D315A1BA19FD5B22008FEB05 /* Latch.LTPasscode.xib in Resources */ = {isa = PBXBuildFile; fileRef = D315A1B219FD5B22008FEB05 /* Latch.LTPasscode.xib */; };
		D315A1BB19FD5B22008FEB05 /* Latch.png in Resources */ = {isa = PBXBuildFile; fileRef = D315A1B319FD5B22008FEB05 /* Latch.png */; };
		D315A1BC19FD5B22008FEB05 /* Latch.swift in Sources */ = {isa = PBXBuildFile; fileRef = D315A1B419FD5B22008FEB05 /* Latch.swift */; };
		D315A1BD19FD5B22008FEB05 /* LTPasscode.swift in Sources */ = {isa = PBXBuildFile; fileRef = D315A1B519FD5B22008FEB05 /* LTPasscode.swift */; };
		D315A1BE19FD5B22008FEB05 /* LTPasscodeBubble.swift in Sources */ = {isa = PBXBuildFile; fileRef = D315A1B619FD5B22008FEB05 /* LTPasscodeBubble.swift */; };
		D315A1BF19FD5B22008FEB05 /* LTPasscodeKey.swift in Sources */ = {isa = PBXBuildFile; fileRef = D315A1B719FD5B22008FEB05 /* LTPasscodeKey.swift */; };
		D315A1C019FD5B22008FEB05 /* LTStorage.swift in Sources */ = {isa = PBXBuildFile; fileRef = D315A1B819FD5B22008FEB05 /* LTStorage.swift */; };
		D315A1C119FD5B22008FEB05 /* LTTouchID.swift in Sources */ = {isa = PBXBuildFile; fileRef = D315A1B919FD5B22008FEB05 /* LTTouchID.swift */; };
		D3936F3519FC235200D903CB /* AppDelegate.swift in Sources */ = {isa = PBXBuildFile; fileRef = D3936F3419FC235200D903CB /* AppDelegate.swift */; };
		D3936F3719FC235200D903CB /* ViewController.swift in Sources */ = {isa = PBXBuildFile; fileRef = D3936F3619FC235200D903CB /* ViewController.swift */; };
		D3936F3C19FC235200D903CB /* Images.xcassets in Resources */ = {isa = PBXBuildFile; fileRef = D3936F3B19FC235200D903CB /* Images.xcassets */; };
		D3936F4B19FC235200D903CB /* LatchTests.swift in Sources */ = {isa = PBXBuildFile; fileRef = D3936F4A19FC235200D903CB /* LatchTests.swift */; };
		D3936F6019FC32DD00D903CB /* Main.storyboard in Resources */ = {isa = PBXBuildFile; fileRef = D3936F5F19FC32DD00D903CB /* Main.storyboard */; };
/* End PBXBuildFile section */

/* Begin PBXContainerItemProxy section */
		D3936F4519FC235200D903CB /* PBXContainerItemProxy */ = {
			isa = PBXContainerItemProxy;
			containerPortal = D3936F2719FC235200D903CB /* Project object */;
			proxyType = 1;
			remoteGlobalIDString = D3936F2E19FC235200D903CB;
			remoteInfo = Latch;
		};
/* End PBXContainerItemProxy section */

/* Begin PBXFileReference section */
		D315A1AD19FCB1E3008FEB05 /* AudioToolbox.framework */ = {isa = PBXFileReference; lastKnownFileType = wrapper.framework; name = AudioToolbox.framework; path = System/Library/Frameworks/AudioToolbox.framework; sourceTree = SDKROOT; };
		D315A1B219FD5B22008FEB05 /* Latch.LTPasscode.xib */ = {isa = PBXFileReference; fileEncoding = 4; lastKnownFileType = file.xib; path = Latch.LTPasscode.xib; sourceTree = "<group>"; };
		D315A1B319FD5B22008FEB05 /* Latch.png */ = {isa = PBXFileReference; lastKnownFileType = image.png; path = Latch.png; sourceTree = "<group>"; };
		D315A1B419FD5B22008FEB05 /* Latch.swift */ = {isa = PBXFileReference; fileEncoding = 4; lastKnownFileType = sourcecode.swift; path = Latch.swift; sourceTree = "<group>"; };
		D315A1B519FD5B22008FEB05 /* LTPasscode.swift */ = {isa = PBXFileReference; fileEncoding = 4; lastKnownFileType = sourcecode.swift; path = LTPasscode.swift; sourceTree = "<group>"; };
		D315A1B619FD5B22008FEB05 /* LTPasscodeBubble.swift */ = {isa = PBXFileReference; fileEncoding = 4; lastKnownFileType = sourcecode.swift; path = LTPasscodeBubble.swift; sourceTree = "<group>"; };
		D315A1B719FD5B22008FEB05 /* LTPasscodeKey.swift */ = {isa = PBXFileReference; fileEncoding = 4; lastKnownFileType = sourcecode.swift; path = LTPasscodeKey.swift; sourceTree = "<group>"; };
		D315A1B819FD5B22008FEB05 /* LTStorage.swift */ = {isa = PBXFileReference; fileEncoding = 4; lastKnownFileType = sourcecode.swift; path = LTStorage.swift; sourceTree = "<group>"; };
		D315A1B919FD5B22008FEB05 /* LTTouchID.swift */ = {isa = PBXFileReference; fileEncoding = 4; lastKnownFileType = sourcecode.swift; path = LTTouchID.swift; sourceTree = "<group>"; };
		D3936F2F19FC235200D903CB /* Latch.app */ = {isa = PBXFileReference; explicitFileType = wrapper.application; includeInIndex = 0; path = Latch.app; sourceTree = BUILT_PRODUCTS_DIR; };
		D3936F3319FC235200D903CB /* Info.plist */ = {isa = PBXFileReference; lastKnownFileType = text.plist.xml; path = Info.plist; sourceTree = "<group>"; };
		D3936F3419FC235200D903CB /* AppDelegate.swift */ = {isa = PBXFileReference; lastKnownFileType = sourcecode.swift; path = AppDelegate.swift; sourceTree = "<group>"; };
		D3936F3619FC235200D903CB /* ViewController.swift */ = {isa = PBXFileReference; lastKnownFileType = sourcecode.swift; path = ViewController.swift; sourceTree = "<group>"; };
		D3936F3B19FC235200D903CB /* Images.xcassets */ = {isa = PBXFileReference; lastKnownFileType = folder.assetcatalog; path = Images.xcassets; sourceTree = "<group>"; };
		D3936F4419FC235200D903CB /* LatchTests.xctest */ = {isa = PBXFileReference; explicitFileType = wrapper.cfbundle; includeInIndex = 0; path = LatchTests.xctest; sourceTree = BUILT_PRODUCTS_DIR; };
		D3936F4919FC235200D903CB /* Info.plist */ = {isa = PBXFileReference; lastKnownFileType = text.plist.xml; path = Info.plist; sourceTree = "<group>"; };
		D3936F4A19FC235200D903CB /* LatchTests.swift */ = {isa = PBXFileReference; lastKnownFileType = sourcecode.swift; path = LatchTests.swift; sourceTree = "<group>"; };
		D3936F5F19FC32DD00D903CB /* Main.storyboard */ = {isa = PBXFileReference; fileEncoding = 4; lastKnownFileType = file.storyboard; name = Main.storyboard; path = Latch/Main.storyboard; sourceTree = "<group>"; };
/* End PBXFileReference section */

/* Begin PBXFrameworksBuildPhase section */
		D3936F2C19FC235200D903CB /* Frameworks */ = {
			isa = PBXFrameworksBuildPhase;
			buildActionMask = 2147483647;
			files = (
				D315A1AE19FCB1E3008FEB05 /* AudioToolbox.framework in Frameworks */,
			);
			runOnlyForDeploymentPostprocessing = 0;
		};
		D3936F4119FC235200D903CB /* Frameworks */ = {
			isa = PBXFrameworksBuildPhase;
			buildActionMask = 2147483647;
			files = (
			);
			runOnlyForDeploymentPostprocessing = 0;
		};
/* End PBXFrameworksBuildPhase section */

/* Begin PBXGroup section */
		D315A1B119FD5B22008FEB05 /* Framework */ = {
			isa = PBXGroup;
			children = (
				D315A1B219FD5B22008FEB05 /* Latch.LTPasscode.xib */,
				D315A1B319FD5B22008FEB05 /* Latch.png */,
				D315A1B419FD5B22008FEB05 /* Latch.swift */,
				D315A1B519FD5B22008FEB05 /* LTPasscode.swift */,
				D315A1B619FD5B22008FEB05 /* LTPasscodeBubble.swift */,
				D315A1B719FD5B22008FEB05 /* LTPasscodeKey.swift */,
				D315A1B819FD5B22008FEB05 /* LTStorage.swift */,
				D315A1B919FD5B22008FEB05 /* LTTouchID.swift */,
			);
			path = Framework;
			sourceTree = "<group>";
		};
		D3936F2619FC235200D903CB = {
			isa = PBXGroup;
			children = (
				D315A1B119FD5B22008FEB05 /* Framework */,
				D3936F3119FC235200D903CB /* Latch */,
				D3936F4719FC235200D903CB /* LatchTests */,
				D3936F3019FC235200D903CB /* Products */,
				D315A1AD19FCB1E3008FEB05 /* AudioToolbox.framework */,
			);
			sourceTree = "<group>";
		};
		D3936F3019FC235200D903CB /* Products */ = {
			isa = PBXGroup;
			children = (
				D3936F2F19FC235200D903CB /* Latch.app */,
				D3936F4419FC235200D903CB /* LatchTests.xctest */,
			);
			name = Products;
			sourceTree = "<group>";
		};
		D3936F3119FC235200D903CB /* Latch */ = {
			isa = PBXGroup;
			children = (
				D3936F3419FC235200D903CB /* AppDelegate.swift */,
				D3936F3619FC235200D903CB /* ViewController.swift */,
				D3936F5F19FC32DD00D903CB /* Main.storyboard */,
				D3936F3219FC235200D903CB /* Supporting Files */,
			);
			path = Latch;
			sourceTree = "<group>";
		};
		D3936F3219FC235200D903CB /* Supporting Files */ = {
			isa = PBXGroup;
			children = (
				D3936F3B19FC235200D903CB /* Images.xcassets */,
				D3936F3319FC235200D903CB /* Info.plist */,
			);
			name = "Supporting Files";
			sourceTree = "<group>";
		};
		D3936F4719FC235200D903CB /* LatchTests */ = {
			isa = PBXGroup;
			children = (
				D3936F4A19FC235200D903CB /* LatchTests.swift */,
				D3936F4819FC235200D903CB /* Supporting Files */,
			);
			path = LatchTests;
			sourceTree = "<group>";
		};
		D3936F4819FC235200D903CB /* Supporting Files */ = {
			isa = PBXGroup;
			children = (
				D3936F4919FC235200D903CB /* Info.plist */,
			);
			name = "Supporting Files";
			sourceTree = "<group>";
		};
/* End PBXGroup section */

/* Begin PBXNativeTarget section */
		D3936F2E19FC235200D903CB /* Latch */ = {
			isa = PBXNativeTarget;
			buildConfigurationList = D3936F4E19FC235200D903CB /* Build configuration list for PBXNativeTarget "Latch" */;
			buildPhases = (
				D3936F2B19FC235200D903CB /* Sources */,
				D3936F2C19FC235200D903CB /* Frameworks */,
				D3936F2D19FC235200D903CB /* Resources */,
			);
			buildRules = (
			);
			dependencies = (
			);
			name = Latch;
			productName = Latch;
			productReference = D3936F2F19FC235200D903CB /* Latch.app */;
			productType = "com.apple.product-type.application";
		};
		D3936F4319FC235200D903CB /* LatchTests */ = {
			isa = PBXNativeTarget;
			buildConfigurationList = D3936F5119FC235200D903CB /* Build configuration list for PBXNativeTarget "LatchTests" */;
			buildPhases = (
				D3936F4019FC235200D903CB /* Sources */,
				D3936F4119FC235200D903CB /* Frameworks */,
				D3936F4219FC235200D903CB /* Resources */,
			);
			buildRules = (
			);
			dependencies = (
				D3936F4619FC235200D903CB /* PBXTargetDependency */,
			);
			name = LatchTests;
			productName = LatchTests;
			productReference = D3936F4419FC235200D903CB /* LatchTests.xctest */;
			productType = "com.apple.product-type.bundle.unit-test";
		};
/* End PBXNativeTarget section */

/* Begin PBXProject section */
		D3936F2719FC235200D903CB /* Project object */ = {
			isa = PBXProject;
			attributes = {
				LastUpgradeCheck = 0610;
				ORGANIZATIONNAME = "Brian Vallelunga";
				TargetAttributes = {
					D3936F2E19FC235200D903CB = {
						CreatedOnToolsVersion = 6.1;
						DevelopmentTeam = R5K2X99B7E;
					};
					D3936F4319FC235200D903CB = {
						CreatedOnToolsVersion = 6.1;
						TestTargetID = D3936F2E19FC235200D903CB;
					};
				};
			};
			buildConfigurationList = D3936F2A19FC235200D903CB /* Build configuration list for PBXProject "Latch" */;
			compatibilityVersion = "Xcode 3.2";
			developmentRegion = English;
			hasScannedForEncodings = 0;
			knownRegions = (
				en,
				Base,
			);
			mainGroup = D3936F2619FC235200D903CB;
			productRefGroup = D3936F3019FC235200D903CB /* Products */;
			projectDirPath = "";
			projectRoot = "";
			targets = (
				D3936F2E19FC235200D903CB /* Latch */,
				D3936F4319FC235200D903CB /* LatchTests */,
			);
		};
/* End PBXProject section */

/* Begin PBXResourcesBuildPhase section */
		D3936F2D19FC235200D903CB /* Resources */ = {
			isa = PBXResourcesBuildPhase;
			buildActionMask = 2147483647;
			files = (
				D315A1BB19FD5B22008FEB05 /* Latch.png in Resources */,
				D3936F3C19FC235200D903CB /* Images.xcassets in Resources */,
				D315A1BA19FD5B22008FEB05 /* Latch.LTPasscode.xib in Resources */,
				D3936F6019FC32DD00D903CB /* Main.storyboard in Resources */,
			);
			runOnlyForDeploymentPostprocessing = 0;
		};
		D3936F4219FC235200D903CB /* Resources */ = {
			isa = PBXResourcesBuildPhase;
			buildActionMask = 2147483647;
			files = (
			);
			runOnlyForDeploymentPostprocessing = 0;
		};
/* End PBXResourcesBuildPhase section */

/* Begin PBXSourcesBuildPhase section */
		D3936F2B19FC235200D903CB /* Sources */ = {
			isa = PBXSourcesBuildPhase;
			buildActionMask = 2147483647;
			files = (
				D3936F3719FC235200D903CB /* ViewController.swift in Sources */,
				D315A1BE19FD5B22008FEB05 /* LTPasscodeBubble.swift in Sources */,
				D315A1C119FD5B22008FEB05 /* LTTouchID.swift in Sources */,
				D315A1BD19FD5B22008FEB05 /* LTPasscode.swift in Sources */,
				D3936F3519FC235200D903CB /* AppDelegate.swift in Sources */,
				D315A1BC19FD5B22008FEB05 /* Latch.swift in Sources */,
				D315A1BF19FD5B22008FEB05 /* LTPasscodeKey.swift in Sources */,
				D315A1C019FD5B22008FEB05 /* LTStorage.swift in Sources */,
			);
			runOnlyForDeploymentPostprocessing = 0;
		};
		D3936F4019FC235200D903CB /* Sources */ = {
			isa = PBXSourcesBuildPhase;
			buildActionMask = 2147483647;
			files = (
				D3936F4B19FC235200D903CB /* LatchTests.swift in Sources */,
			);
			runOnlyForDeploymentPostprocessing = 0;
		};
/* End PBXSourcesBuildPhase section */

/* Begin PBXTargetDependency section */
		D3936F4619FC235200D903CB /* PBXTargetDependency */ = {
			isa = PBXTargetDependency;
			target = D3936F2E19FC235200D903CB /* Latch */;
			targetProxy = D3936F4519FC235200D903CB /* PBXContainerItemProxy */;
		};
/* End PBXTargetDependency section */

/* Begin XCBuildConfiguration section */
		D3936F4C19FC235200D903CB /* Debug */ = {
			isa = XCBuildConfiguration;
			buildSettings = {
				ALWAYS_SEARCH_USER_PATHS = NO;
				CLANG_CXX_LANGUAGE_STANDARD = "gnu++0x";
				CLANG_CXX_LIBRARY = "libc++";
				CLANG_ENABLE_MODULES = YES;
				CLANG_ENABLE_OBJC_ARC = YES;
				CLANG_WARN_BOOL_CONVERSION = YES;
				CLANG_WARN_CONSTANT_CONVERSION = YES;
				CLANG_WARN_DIRECT_OBJC_ISA_USAGE = YES_ERROR;
				CLANG_WARN_EMPTY_BODY = YES;
				CLANG_WARN_ENUM_CONVERSION = YES;
				CLANG_WARN_INT_CONVERSION = YES;
				CLANG_WARN_OBJC_ROOT_CLASS = YES_ERROR;
				CLANG_WARN_UNREACHABLE_CODE = YES;
				CLANG_WARN__DUPLICATE_METHOD_MATCH = YES;
				"CODE_SIGN_IDENTITY[sdk=iphoneos*]" = "iPhone Developer";
				COPY_PHASE_STRIP = NO;
				ENABLE_STRICT_OBJC_MSGSEND = YES;
				GCC_C_LANGUAGE_STANDARD = gnu99;
				GCC_DYNAMIC_NO_PIC = NO;
				GCC_OPTIMIZATION_LEVEL = 0;
				GCC_PREPROCESSOR_DEFINITIONS = (
					"DEBUG=1",
					"$(inherited)",
				);
				GCC_SYMBOLS_PRIVATE_EXTERN = NO;
				GCC_WARN_64_TO_32_BIT_CONVERSION = YES;
				GCC_WARN_ABOUT_RETURN_TYPE = YES_ERROR;
				GCC_WARN_UNDECLARED_SELECTOR = YES;
				GCC_WARN_UNINITIALIZED_AUTOS = YES_AGGRESSIVE;
				GCC_WARN_UNUSED_FUNCTION = YES;
				GCC_WARN_UNUSED_VARIABLE = YES;
				IPHONEOS_DEPLOYMENT_TARGET = 7.0;
				MTL_ENABLE_DEBUG_INFO = YES;
				ONLY_ACTIVE_ARCH = YES;
				SDKROOT = iphoneos;
				SWIFT_OPTIMIZATION_LEVEL = "-Onone";
				TARGETED_DEVICE_FAMILY = "1,2";
			};
			name = Debug;
		};
		D3936F4D19FC235200D903CB /* Release */ = {
			isa = XCBuildConfiguration;
			buildSettings = {
				ALWAYS_SEARCH_USER_PATHS = NO;
				CLANG_CXX_LANGUAGE_STANDARD = "gnu++0x";
				CLANG_CXX_LIBRARY = "libc++";
				CLANG_ENABLE_MODULES = YES;
				CLANG_ENABLE_OBJC_ARC = YES;
				CLANG_WARN_BOOL_CONVERSION = YES;
				CLANG_WARN_CONSTANT_CONVERSION = YES;
				CLANG_WARN_DIRECT_OBJC_ISA_USAGE = YES_ERROR;
				CLANG_WARN_EMPTY_BODY = YES;
				CLANG_WARN_ENUM_CONVERSION = YES;
				CLANG_WARN_INT_CONVERSION = YES;
				CLANG_WARN_OBJC_ROOT_CLASS = YES_ERROR;
				CLANG_WARN_UNREACHABLE_CODE = YES;
				CLANG_WARN__DUPLICATE_METHOD_MATCH = YES;
				"CODE_SIGN_IDENTITY[sdk=iphoneos*]" = "iPhone Developer";
				COPY_PHASE_STRIP = YES;
				ENABLE_NS_ASSERTIONS = NO;
				ENABLE_STRICT_OBJC_MSGSEND = YES;
				GCC_C_LANGUAGE_STANDARD = gnu99;
				GCC_WARN_64_TO_32_BIT_CONVERSION = YES;
				GCC_WARN_ABOUT_RETURN_TYPE = YES_ERROR;
				GCC_WARN_UNDECLARED_SELECTOR = YES;
				GCC_WARN_UNINITIALIZED_AUTOS = YES_AGGRESSIVE;
				GCC_WARN_UNUSED_FUNCTION = YES;
				GCC_WARN_UNUSED_VARIABLE = YES;
				IPHONEOS_DEPLOYMENT_TARGET = 7.0;
				MTL_ENABLE_DEBUG_INFO = NO;
				SDKROOT = iphoneos;
				TARGETED_DEVICE_FAMILY = "1,2";
				VALIDATE_PRODUCT = YES;
			};
			name = Release;
		};
		D3936F4F19FC235200D903CB /* Debug */ = {
			isa = XCBuildConfiguration;
			buildSettings = {
				ASSETCATALOG_COMPILER_APPICON_NAME = AppIcon;
				ASSETCATALOG_COMPILER_LAUNCHIMAGE_NAME = LaunchImage;
				CODE_SIGN_IDENTITY = "iPhone Developer";
				INFOPLIST_FILE = Latch/Info.plist;
				IPHONEOS_DEPLOYMENT_TARGET = 7.0;
				LD_RUNPATH_SEARCH_PATHS = "$(inherited) @executable_path/Frameworks";
				PRODUCT_NAME = "$(TARGET_NAME)";
				TARGETED_DEVICE_FAMILY = 1;
			};
			name = Debug;
		};
		D3936F5019FC235200D903CB /* Release */ = {
			isa = XCBuildConfiguration;
			buildSettings = {
				ASSETCATALOG_COMPILER_APPICON_NAME = AppIcon;
				ASSETCATALOG_COMPILER_LAUNCHIMAGE_NAME = LaunchImage;
				CODE_SIGN_IDENTITY = "iPhone Developer";
				INFOPLIST_FILE = Latch/Info.plist;
				IPHONEOS_DEPLOYMENT_TARGET = 7.0;
				LD_RUNPATH_SEARCH_PATHS = "$(inherited) @executable_path/Frameworks";
				PRODUCT_NAME = "$(TARGET_NAME)";
				TARGETED_DEVICE_FAMILY = 1;
			};
			name = Release;
		};
		D3936F5219FC235200D903CB /* Debug */ = {
			isa = XCBuildConfiguration;
			buildSettings = {
				BUNDLE_LOADER = "$(TEST_HOST)";
				FRAMEWORK_SEARCH_PATHS = (
					"$(SDKROOT)/Developer/Library/Frameworks",
					"$(inherited)",
				);
				GCC_PREPROCESSOR_DEFINITIONS = (
					"DEBUG=1",
					"$(inherited)",
				);
				INFOPLIST_FILE = LatchTests/Info.plist;
				LD_RUNPATH_SEARCH_PATHS = "$(inherited) @executable_path/Frameworks @loader_path/Frameworks";
				PRODUCT_NAME = "$(TARGET_NAME)";
				TEST_HOST = "$(BUILT_PRODUCTS_DIR)/Latch.app/Latch";
			};
			name = Debug;
		};
		D3936F5319FC235200D903CB /* Release */ = {
			isa = XCBuildConfiguration;
			buildSettings = {
				BUNDLE_LOADER = "$(TEST_HOST)";
				FRAMEWORK_SEARCH_PATHS = (
					"$(SDKROOT)/Developer/Library/Frameworks",
					"$(inherited)",
				);
				INFOPLIST_FILE = LatchTests/Info.plist;
				LD_RUNPATH_SEARCH_PATHS = "$(inherited) @executable_path/Frameworks @loader_path/Frameworks";
				PRODUCT_NAME = "$(TARGET_NAME)";
				TEST_HOST = "$(BUILT_PRODUCTS_DIR)/Latch.app/Latch";
			};
			name = Release;
		};
/* End XCBuildConfiguration section */

/* Begin XCConfigurationList section */
		D3936F2A19FC235200D903CB /* Build configuration list for PBXProject "Latch" */ = {
			isa = XCConfigurationList;
			buildConfigurations = (
				D3936F4C19FC235200D903CB /* Debug */,
				D3936F4D19FC235200D903CB /* Release */,
			);
			defaultConfigurationIsVisible = 0;
			defaultConfigurationName = Release;
		};
		D3936F4E19FC235200D903CB /* Build configuration list for PBXNativeTarget "Latch" */ = {
			isa = XCConfigurationList;
			buildConfigurations = (
				D3936F4F19FC235200D903CB /* Debug */,
				D3936F5019FC235200D903CB /* Release */,
			);
			defaultConfigurationIsVisible = 0;
			defaultConfigurationName = Release;
		};
		D3936F5119FC235200D903CB /* Build configuration list for PBXNativeTarget "LatchTests" */ = {
			isa = XCConfigurationList;
			buildConfigurations = (
				D3936F5219FC235200D903CB /* Debug */,
				D3936F5319FC235200D903CB /* Release */,
			);
			defaultConfigurationIsVisible = 0;
			defaultConfigurationName = Release;
		};
/* End XCConfigurationList section */
	};
	rootObject = D3936F2719FC235200D903CB /* Project object */;
}
