// !$*UTF8*$!
{
	archiveVersion = 1;
	classes = {
	};
	objectVersion = 46;
	objects = {

/* Begin PBXBuildFile section */
		D3936F3519FC235200D903CB /* AppDelegate.swift in Sources */ = {isa = PBXBuildFile; fileRef = D3936F3419FC235200D903CB /* AppDelegate.swift */; };
		D3936F3719FC235200D903CB /* ViewController.swift in Sources */ = {isa = PBXBuildFile; fileRef = D3936F3619FC235200D903CB /* ViewController.swift */; };
		D3936F3C19FC235200D903CB /* Images.xcassets in Resources */ = {isa = PBXBuildFile; fileRef = D3936F3B19FC235200D903CB /* Images.xcassets */; };
		D3936F6019FC32DD00D903CB /* Main.storyboard in Resources */ = {isa = PBXBuildFile; fileRef = D3936F5F19FC32DD00D903CB /* Main.storyboard */; };
		F2BD2E6B1AB01AE900035417 /* Latch.png in Resources */ = {isa = PBXBuildFile; fileRef = F2BD2E631AB01AE900035417 /* Latch.png */; };
		F2BD2E6C1AB01AE900035417 /* Latch.swift in Sources */ = {isa = PBXBuildFile; fileRef = F2BD2E641AB01AE900035417 /* Latch.swift */; };
		F2BD2E6D1AB01AE900035417 /* LTPasscode.swift in Sources */ = {isa = PBXBuildFile; fileRef = F2BD2E651AB01AE900035417 /* LTPasscode.swift */; };
		F2BD2E6E1AB01AE900035417 /* LTPasscode.xib in Resources */ = {isa = PBXBuildFile; fileRef = F2BD2E661AB01AE900035417 /* LTPasscode.xib */; };
		F2BD2E6F1AB01AE900035417 /* LTPasscodeBubble.swift in Sources */ = {isa = PBXBuildFile; fileRef = F2BD2E671AB01AE900035417 /* LTPasscodeBubble.swift */; };
		F2BD2E701AB01AE900035417 /* LTPasscodeKey.swift in Sources */ = {isa = PBXBuildFile; fileRef = F2BD2E681AB01AE900035417 /* LTPasscodeKey.swift */; };
		F2BD2E711AB01AE900035417 /* LTStorage.swift in Sources */ = {isa = PBXBuildFile; fileRef = F2BD2E691AB01AE900035417 /* LTStorage.swift */; };
		F2BD2E721AB01AE900035417 /* LTTouchID.swift in Sources */ = {isa = PBXBuildFile; fileRef = F2BD2E6A1AB01AE900035417 /* LTTouchID.swift */; };
		F2BD2E751AB0352800035417 /* Latch.strings in Resources */ = {isa = PBXBuildFile; fileRef = F2BD2E771AB0352800035417 /* Latch.strings */; };
/* End PBXBuildFile section */

/* Begin PBXFileReference section */
		D3936F2F19FC235200D903CB /* Latch.app */ = {isa = PBXFileReference; explicitFileType = wrapper.application; includeInIndex = 0; path = Latch.app; sourceTree = BUILT_PRODUCTS_DIR; };
		D3936F3319FC235200D903CB /* Info.plist */ = {isa = PBXFileReference; lastKnownFileType = text.plist.xml; path = Info.plist; sourceTree = "<group>"; };
		D3936F3419FC235200D903CB /* AppDelegate.swift */ = {isa = PBXFileReference; lastKnownFileType = sourcecode.swift; path = AppDelegate.swift; sourceTree = "<group>"; };
		D3936F3619FC235200D903CB /* ViewController.swift */ = {isa = PBXFileReference; lastKnownFileType = sourcecode.swift; path = ViewController.swift; sourceTree = "<group>"; };
		D3936F3B19FC235200D903CB /* Images.xcassets */ = {isa = PBXFileReference; lastKnownFileType = folder.assetcatalog; path = Images.xcassets; sourceTree = "<group>"; };
		D3936F4919FC235200D903CB /* Info.plist */ = {isa = PBXFileReference; lastKnownFileType = text.plist.xml; path = Info.plist; sourceTree = "<group>"; };
		D3936F4A19FC235200D903CB /* LatchTests.swift */ = {isa = PBXFileReference; lastKnownFileType = sourcecode.swift; path = LatchTests.swift; sourceTree = "<group>"; };
		D3936F5F19FC32DD00D903CB /* Main.storyboard */ = {isa = PBXFileReference; fileEncoding = 4; lastKnownFileType = file.storyboard; name = Main.storyboard; path = Latch/Main.storyboard; sourceTree = "<group>"; };
		F2BD2E631AB01AE900035417 /* Latch.png */ = {isa = PBXFileReference; lastKnownFileType = image.png; path = Latch.png; sourceTree = "<group>"; };
		F2BD2E641AB01AE900035417 /* Latch.swift */ = {isa = PBXFileReference; fileEncoding = 4; lastKnownFileType = sourcecode.swift; path = Latch.swift; sourceTree = "<group>"; };
		F2BD2E651AB01AE900035417 /* LTPasscode.swift */ = {isa = PBXFileReference; fileEncoding = 4; lastKnownFileType = sourcecode.swift; path = LTPasscode.swift; sourceTree = "<group>"; };
		F2BD2E661AB01AE900035417 /* LTPasscode.xib */ = {isa = PBXFileReference; fileEncoding = 4; lastKnownFileType = file.xib; path = LTPasscode.xib; sourceTree = "<group>"; };
		F2BD2E671AB01AE900035417 /* LTPasscodeBubble.swift */ = {isa = PBXFileReference; fileEncoding = 4; lastKnownFileType = sourcecode.swift; path = LTPasscodeBubble.swift; sourceTree = "<group>"; };
		F2BD2E681AB01AE900035417 /* LTPasscodeKey.swift */ = {isa = PBXFileReference; fileEncoding = 4; lastKnownFileType = sourcecode.swift; path = LTPasscodeKey.swift; sourceTree = "<group>"; };
		F2BD2E691AB01AE900035417 /* LTStorage.swift */ = {isa = PBXFileReference; fileEncoding = 4; lastKnownFileType = sourcecode.swift; path = LTStorage.swift; sourceTree = "<group>"; };
		F2BD2E6A1AB01AE900035417 /* LTTouchID.swift */ = {isa = PBXFileReference; fileEncoding = 4; lastKnownFileType = sourcecode.swift; path = LTTouchID.swift; sourceTree = "<group>"; };
		F2BD2E761AB0352800035417 /* Base */ = {isa = PBXFileReference; lastKnownFileType = text.plist.strings; name = Base; path = Base.lproj/Latch.strings; sourceTree = "<group>"; };
		F2BD2E781AB0352F00035417 /* en */ = {isa = PBXFileReference; lastKnownFileType = text.plist.strings; name = en; path = en.lproj/Latch.strings; sourceTree = "<group>"; };
		F2BD2E791AB0354E00035417 /* zh-Hant */ = {isa = PBXFileReference; lastKnownFileType = text.plist.strings; name = "zh-Hant"; path = "zh-Hant.lproj/Latch.strings"; sourceTree = "<group>"; };
/* End PBXFileReference section */

/* Begin PBXFrameworksBuildPhase section */
		D3936F2C19FC235200D903CB /* Frameworks */ = {
			isa = PBXFrameworksBuildPhase;
			buildActionMask = 2147483647;
			files = (
			);
			runOnlyForDeploymentPostprocessing = 0;
		};
/* End PBXFrameworksBuildPhase section */

/* Begin PBXGroup section */
		D3936F2619FC235200D903CB = {
			isa = PBXGroup;
			children = (
				D3936F3119FC235200D903CB /* Latch */,
				D3936F4719FC235200D903CB /* LatchTests */,
				D3936F3019FC235200D903CB /* Products */,
			);
			sourceTree = "<group>";
		};
		D3936F3019FC235200D903CB /* Products */ = {
			isa = PBXGroup;
			children = (
				D3936F2F19FC235200D903CB /* Latch.app */,
			);
			name = Products;
			sourceTree = "<group>";
		};
		D3936F3119FC235200D903CB /* Latch */ = {
			isa = PBXGroup;
			children = (
				F2BD2E621AB01AE900035417 /* Framework */,
				D3936F3419FC235200D903CB /* AppDelegate.swift */,
				D3936F3619FC235200D903CB /* ViewController.swift */,
				D3936F5F19FC32DD00D903CB /* Main.storyboard */,
				D3936F3219FC235200D903CB /* Supporting Files */,
			);
			path = Latch;
			sourceTree = "<group>";
		};
		D3936F3219FC235200D903CB /* Supporting Files */ = {
			isa = PBXGroup;
			children = (
				D3936F3B19FC235200D903CB /* Images.xcassets */,
				D3936F3319FC235200D903CB /* Info.plist */,
			);
			name = "Supporting Files";
			sourceTree = "<group>";
		};
		D3936F4719FC235200D903CB /* LatchTests */ = {
			isa = PBXGroup;
			children = (
				D3936F4A19FC235200D903CB /* LatchTests.swift */,
				D3936F4819FC235200D903CB /* Supporting Files */,
			);
			path = LatchTests;
			sourceTree = "<group>";
		};
		D3936F4819FC235200D903CB /* Supporting Files */ = {
			isa = PBXGroup;
			children = (
				D3936F4919FC235200D903CB /* Info.plist */,
			);
			name = "Supporting Files";
			sourceTree = "<group>";
		};
		F2BD2E621AB01AE900035417 /* Framework */ = {
			isa = PBXGroup;
			children = (
				F2BD2E631AB01AE900035417 /* Latch.png */,
				F2BD2E771AB0352800035417 /* Latch.strings */,
				F2BD2E641AB01AE900035417 /* Latch.swift */,
				F2BD2E651AB01AE900035417 /* LTPasscode.swift */,
				F2BD2E661AB01AE900035417 /* LTPasscode.xib */,
				F2BD2E671AB01AE900035417 /* LTPasscodeBubble.swift */,
				F2BD2E681AB01AE900035417 /* LTPasscodeKey.swift */,
				F2BD2E691AB01AE900035417 /* LTStorage.swift */,
				F2BD2E6A1AB01AE900035417 /* LTTouchID.swift */,
			);
			name = Framework;
			path = ../../Framework;
			sourceTree = "<group>";
		};
/* End PBXGroup section */

/* Begin PBXNativeTarget section */
		D3936F2E19FC235200D903CB /* Latch_iOS7 */ = {
			isa = PBXNativeTarget;
			buildConfigurationList = D3936F4E19FC235200D903CB /* Build configuration list for PBXNativeTarget "Latch_iOS7" */;
			buildPhases = (
				D3936F2B19FC235200D903CB /* Sources */,
				D3936F2C19FC235200D903CB /* Frameworks */,
				D3936F2D19FC235200D903CB /* Resources */,
			);
			buildRules = (
			);
			dependencies = (
			);
			name = Latch_iOS7;
			productName = Latch;
			productReference = D3936F2F19FC235200D903CB /* Latch.app */;
			productType = "com.apple.product-type.application";
		};
/* End PBXNativeTarget section */

/* Begin PBXProject section */
		D3936F2719FC235200D903CB /* Project object */ = {
			isa = PBXProject;
			attributes = {
				LastSwiftUpdateCheck = 0700;
				LastUpgradeCheck = 0700;
				ORGANIZATIONNAME = "Brian Vallelunga";
				TargetAttributes = {
					D3936F2E19FC235200D903CB = {
						CreatedOnToolsVersion = 6.1;
						DevelopmentTeam = 42M2D7SKCJ;
					};
				};
			};
			buildConfigurationList = D3936F2A19FC235200D903CB /* Build configuration list for PBXProject "iOS Example" */;
			compatibilityVersion = "Xcode 3.2";
			developmentRegion = English;
			hasScannedForEncodings = 0;
			knownRegions = (
				en,
				Base,
				"zh-Hant",
			);
			mainGroup = D3936F2619FC235200D903CB;
			productRefGroup = D3936F3019FC235200D903CB /* Products */;
			projectDirPath = "";
			projectRoot = "";
			targets = (
				D3936F2E19FC235200D903CB /* Latch_iOS7 */,
			);
		};
/* End PBXProject section */

/* Begin PBXResourcesBuildPhase section */
		D3936F2D19FC235200D903CB /* Resources */ = {
			isa = PBXResourcesBuildPhase;
			buildActionMask = 2147483647;
			files = (
				F2BD2E6B1AB01AE900035417 /* Latch.png in Resources */,
				F2BD2E6E1AB01AE900035417 /* LTPasscode.xib in Resources */,
				D3936F3C19FC235200D903CB /* Images.xcassets in Resources */,
				F2BD2E751AB0352800035417 /* Latch.strings in Resources */,
				D3936F6019FC32DD00D903CB /* Main.storyboard in Resources */,
			);
			runOnlyForDeploymentPostprocessing = 0;
		};
/* End PBXResourcesBuildPhase section */

/* Begin PBXSourcesBuildPhase section */
		D3936F2B19FC235200D903CB /* Sources */ = {
			isa = PBXSourcesBuildPhase;
			buildActionMask = 2147483647;
			files = (
				D3936F3719FC235200D903CB /* ViewController.swift in Sources */,
				F2BD2E6F1AB01AE900035417 /* LTPasscodeBubble.swift in Sources */,
				F2BD2E721AB01AE900035417 /* LTTouchID.swift in Sources */,
				F2BD2E6D1AB01AE900035417 /* LTPasscode.swift in Sources */,
				D3936F3519FC235200D903CB /* AppDelegate.swift in Sources */,
				F2BD2E6C1AB01AE900035417 /* Latch.swift in Sources */,
				F2BD2E701AB01AE900035417 /* LTPasscodeKey.swift in Sources */,
				F2BD2E711AB01AE900035417 /* LTStorage.swift in Sources */,
			);
			runOnlyForDeploymentPostprocessing = 0;
		};
/* End PBXSourcesBuildPhase section */

/* Begin PBXVariantGroup section */
		F2BD2E771AB0352800035417 /* Latch.strings */ = {
			isa = PBXVariantGroup;
			children = (
				F2BD2E761AB0352800035417 /* Base */,
				F2BD2E781AB0352F00035417 /* en */,
				F2BD2E791AB0354E00035417 /* zh-Hant */,
			);
			name = Latch.strings;
			sourceTree = "<group>";
		};
/* End PBXVariantGroup section */

/* Begin XCBuildConfiguration section */
		D3936F4C19FC235200D903CB /* Debug */ = {
			isa = XCBuildConfiguration;
			buildSettings = {
				ALWAYS_SEARCH_USER_PATHS = NO;
				CLANG_CXX_LANGUAGE_STANDARD = "gnu++0x";
				CLANG_CXX_LIBRARY = "libc++";
				CLANG_ENABLE_MODULES = YES;
				CLANG_ENABLE_OBJC_ARC = YES;
				CLANG_WARN_BOOL_CONVERSION = YES;
				CLANG_WARN_CONSTANT_CONVERSION = YES;
				CLANG_WARN_DIRECT_OBJC_ISA_USAGE = YES_ERROR;
				CLANG_WARN_EMPTY_BODY = YES;
				CLANG_WARN_ENUM_CONVERSION = YES;
				CLANG_WARN_INT_CONVERSION = YES;
				CLANG_WARN_OBJC_ROOT_CLASS = YES_ERROR;
				CLANG_WARN_UNREACHABLE_CODE = YES;
				CLANG_WARN__DUPLICATE_METHOD_MATCH = YES;
				"CODE_SIGN_IDENTITY[sdk=iphoneos*]" = "iPhone Developer";
				COPY_PHASE_STRIP = NO;
				ENABLE_STRICT_OBJC_MSGSEND = YES;
				ENABLE_TESTABILITY = YES;
				GCC_C_LANGUAGE_STANDARD = gnu99;
				GCC_DYNAMIC_NO_PIC = NO;
				GCC_OPTIMIZATION_LEVEL = 0;
				GCC_PREPROCESSOR_DEFINITIONS = (
					"DEBUG=1",
					"$(inherited)",
				);
				GCC_SYMBOLS_PRIVATE_EXTERN = NO;
				GCC_WARN_64_TO_32_BIT_CONVERSION = YES;
				GCC_WARN_ABOUT_RETURN_TYPE = YES_ERROR;
				GCC_WARN_UNDECLARED_SELECTOR = YES;
				GCC_WARN_UNINITIALIZED_AUTOS = YES_AGGRESSIVE;
				GCC_WARN_UNUSED_FUNCTION = YES;
				GCC_WARN_UNUSED_VARIABLE = YES;
				IPHONEOS_DEPLOYMENT_TARGET = 7.0;
				MTL_ENABLE_DEBUG_INFO = YES;
				ONLY_ACTIVE_ARCH = YES;
				SDKROOT = iphoneos;
				SWIFT_OPTIMIZATION_LEVEL = "-Onone";
				TARGETED_DEVICE_FAMILY = "1,2";
			};
			name = Debug;
		};
		D3936F4D19FC235200D903CB /* Release */ = {
			isa = XCBuildConfiguration;
			buildSettings = {
				ALWAYS_SEARCH_USER_PATHS = NO;
				CLANG_CXX_LANGUAGE_STANDARD = "gnu++0x";
				CLANG_CXX_LIBRARY = "libc++";
				CLANG_ENABLE_MODULES = YES;
				CLANG_ENABLE_OBJC_ARC = YES;
				CLANG_WARN_BOOL_CONVERSION = YES;
				CLANG_WARN_CONSTANT_CONVERSION = YES;
				CLANG_WARN_DIRECT_OBJC_ISA_USAGE = YES_ERROR;
				CLANG_WARN_EMPTY_BODY = YES;
				CLANG_WARN_ENUM_CONVERSION = YES;
				CLANG_WARN_INT_CONVERSION = YES;
				CLANG_WARN_OBJC_ROOT_CLASS = YES_ERROR;
				CLANG_WARN_UNREACHABLE_CODE = YES;
				CLANG_WARN__DUPLICATE_METHOD_MATCH = YES;
				"CODE_SIGN_IDENTITY[sdk=iphoneos*]" = "iPhone Developer";
				COPY_PHASE_STRIP = YES;
				ENABLE_NS_ASSERTIONS = NO;
				ENABLE_STRICT_OBJC_MSGSEND = YES;
				GCC_C_LANGUAGE_STANDARD = gnu99;
				GCC_WARN_64_TO_32_BIT_CONVERSION = YES;
				GCC_WARN_ABOUT_RETURN_TYPE = YES_ERROR;
				GCC_WARN_UNDECLARED_SELECTOR = YES;
				GCC_WARN_UNINITIALIZED_AUTOS = YES_AGGRESSIVE;
				GCC_WARN_UNUSED_FUNCTION = YES;
				GCC_WARN_UNUSED_VARIABLE = YES;
				IPHONEOS_DEPLOYMENT_TARGET = 7.0;
				MTL_ENABLE_DEBUG_INFO = NO;
				SDKROOT = iphoneos;
				TARGETED_DEVICE_FAMILY = "1,2";
				VALIDATE_PRODUCT = YES;
			};
			name = Release;
		};
		D3936F4F19FC235200D903CB /* Debug */ = {
			isa = XCBuildConfiguration;
			buildSettings = {
				ASSETCATALOG_COMPILER_APPICON_NAME = AppIcon;
				ASSETCATALOG_COMPILER_LAUNCHIMAGE_NAME = LaunchImage;
				CODE_SIGN_IDENTITY = "iPhone Developer";
				INFOPLIST_FILE = Latch/Info.plist;
				IPHONEOS_DEPLOYMENT_TARGET = 8.0;
				LD_RUNPATH_SEARCH_PATHS = "$(inherited) @executable_path/Frameworks";
				PRODUCT_BUNDLE_IDENTIFIER = "com.vallelungabrian.$(PRODUCT_NAME:rfc1034identifier)";
				PRODUCT_NAME = Latch;
				PROVISIONING_PROFILE = "";
				TARGETED_DEVICE_FAMILY = "1,2";
			};
			name = Debug;
		};
		D3936F5019FC235200D903CB /* Release */ = {
			isa = XCBuildConfiguration;
			buildSettings = {
				ASSETCATALOG_COMPILER_APPICON_NAME = AppIcon;
				ASSETCATALOG_COMPILER_LAUNCHIMAGE_NAME = LaunchImage;
				CODE_SIGN_IDENTITY = "iPhone Developer";
				INFOPLIST_FILE = Latch/Info.plist;
				IPHONEOS_DEPLOYMENT_TARGET = 8.0;
				LD_RUNPATH_SEARCH_PATHS = "$(inherited) @executable_path/Frameworks";
				PRODUCT_BUNDLE_IDENTIFIER = "com.vallelungabrian.$(PRODUCT_NAME:rfc1034identifier)";
				PRODUCT_NAME = Latch;
				PROVISIONING_PROFILE = "";
				TARGETED_DEVICE_FAMILY = "1,2";
			};
			name = Release;
		};
/* End XCBuildConfiguration section */

/* Begin XCConfigurationList section */
		D3936F2A19FC235200D903CB /* Build configuration list for PBXProject "iOS Example" */ = {
			isa = XCConfigurationList;
			buildConfigurations = (
				D3936F4C19FC235200D903CB /* Debug */,
				D3936F4D19FC235200D903CB /* Release */,
			);
			defaultConfigurationIsVisible = 0;
			defaultConfigurationName = Release;
		};
		D3936F4E19FC235200D903CB /* Build configuration list for PBXNativeTarget "Latch_iOS7" */ = {
			isa = XCConfigurationList;
			buildConfigurations = (
				D3936F4F19FC235200D903CB /* Debug */,
				D3936F5019FC235200D903CB /* Release */,
			);
			defaultConfigurationIsVisible = 0;
			defaultConfigurationName = Release;
		};
/* End XCConfigurationList section */
	};
	rootObject = D3936F2719FC235200D903CB /* Project object */;
}
